
Microsoft Visual Studio Solution File, Format Version 12.00
# Visual Studio Version 18
VisualStudioVersion = 18.4.11626.88 stable
MinimumVisualStudioVersion = 10.0.40219.1
Project("{FAE04EC0-301F-11D3-BF4B-00C04F79EFBC}") = "GalacticShrine.GsId", "src\GalacticShrine.GsId\GalacticShrine.GsId.csproj", "{44B98438-4124-6E76-0D4F-C740EF13527A}"
EndProject
Project("{FAE04EC0-301F-11D3-BF4B-00C04F79EFBC}") = "GalacticShrine.GsId.Tests", "tests\GalacticShrine.GsId.Tests\GalacticShrine.GsId.Tests.csproj", "{623FB228-2C47-2261-26ED-7A92A7883B98}"
EndProject
Global
	GlobalSection(SolutionConfigurationPlatforms) = preSolution
		Debug|Any CPU = Debug|Any CPU
		Release|Any CPU = Release|Any CPU
	EndGlobalSection
	GlobalSection(ProjectConfigurationPlatforms) = postSolution
		{44B98438-4124-6E76-0D4F-C740EF13527A}.Debug|Any CPU.ActiveCfg = Debug|Any CPU
		{44B98438-4124-6E76-0D4F-C740EF13527A}.Debug|Any CPU.Build.0 = Debug|Any CPU
		{44B98438-4124-6E76-0D4F-C740EF13527A}.Release|Any CPU.ActiveCfg = Release|Any CPU
		{44B98438-4124-6E76-0D4F-C740EF13527A}.Release|Any CPU.Build.0 = Release|Any CPU
		{623FB228-2C47-2261-26ED-7A92A7883B98}.Debug|Any CPU.ActiveCfg = Debug|Any CPU
		{623FB228-2C47-2261-26ED-7A92A7883B98}.Debug|Any CPU.Build.0 = Debug|Any CPU
		{623FB228-2C47-2261-26ED-7A92A7883B98}.Release|Any CPU.ActiveCfg = Release|Any CPU
		{623FB228-2C47-2261-26ED-7A92A7883B98}.Release|Any CPU.Build.0 = Release|Any CPU
	EndGlobalSection
	GlobalSection(SolutionProperties) = preSolution
		HideSolutionNode = FALSE
	EndGlobalSection
	GlobalSection(ExtensibilityGlobals) = postSolution
		SolutionGuid = {81ADD5BB-31BF-4477-B27C-F05DB0ABC3E5}
	EndGlobalSection
EndGlobal
